
Microsoft Visual Studio Solution File, Format Version 12.00
# Visual Studio Version 16
VisualStudioVersion = 16.0.34601.136
MinimumVisualStudioVersion = 10.0.40219.1
Project("{FAE04EC0-301F-11D3-BF4B-00C04F79EFBC}") = "finding-ip-address", "finding-ip-address\finding-ip-address.csproj", "{4738F85C-00E1-4829-ACC8-356A475F2E09}"
EndProject
Global
	GlobalSection(SolutionConfigurationPlatforms) = preSolution
		Debug|Any CPU = Debug|Any CPU
		Release|Any CPU = Release|Any CPU
	EndGlobalSection
	GlobalSection(ProjectConfigurationPlatforms) = postSolution
		{4738F85C-00E1-4829-ACC8-356A475F2E09}.Debug|Any CPU.ActiveCfg = Debug|Any CPU
		{4738F85C-00E1-4829-ACC8-356A475F2E09}.Debug|Any CPU.Build.0 = Debug|Any CPU
		{4738F85C-00E1-4829-ACC8-356A475F2E09}.Release|Any CPU.ActiveCfg = Release|Any CPU
		{4738F85C-00E1-4829-ACC8-356A475F2E09}.Release|Any CPU.Build.0 = Release|Any CPU
	EndGlobalSection
	GlobalSection(SolutionProperties) = preSolution
		HideSolutionNode = FALSE
	EndGlobalSection
	GlobalSection(ExtensibilityGlobals) = postSolution
		SolutionGuid = {0C710EE0-ED6E-4231-86EE-C603465A322C}
	EndGlobalSection
EndGlobal
